
Microsoft Visual Studio Solution File, Format Version 12.00
# Visual Studio 15
Project("{FAE04EC0-301F-11D3-BF4B-00C04F79EFBC}") = "Assembly-CSharp-Editor", "Assembly-CSharp-Editor.csproj", "{7933E622-2BDA-90CF-FDD7-A8D3BE11E494}"
EndProject
Project("{FAE04EC0-301F-11D3-BF4B-00C04F79EFBC}") = "Assembly-CSharp", "Assembly-CSharp.csproj", "{55978CB5-9099-2418-FFA4-37BEE71C1AC8}"
EndProject
Global
	GlobalSection(SolutionConfigurationPlatforms) = preSolution
		Debug|Any CPU = Debug|Any CPU
		Release|Any CPU = Release|Any CPU
	EndGlobalSection
	GlobalSection(ProjectConfigurationPlatforms) = postSolution
		{7933E622-2BDA-90CF-FDD7-A8D3BE11E494}.Debug|Any CPU.ActiveCfg = Debug|Any CPU
		{7933E622-2BDA-90CF-FDD7-A8D3BE11E494}.Debug|Any CPU.Build.0 = Debug|Any CPU
		{7933E622-2BDA-90CF-FDD7-A8D3BE11E494}.Release|Any CPU.ActiveCfg = Release|Any CPU
		{7933E622-2BDA-90CF-FDD7-A8D3BE11E494}.Release|Any CPU.Build.0 = Release|Any CPU
		{55978CB5-9099-2418-FFA4-37BEE71C1AC8}.Debug|Any CPU.ActiveCfg = Debug|Any CPU
		{55978CB5-9099-2418-FFA4-37BEE71C1AC8}.Debug|Any CPU.Build.0 = Debug|Any CPU
		{55978CB5-9099-2418-FFA4-37BEE71C1AC8}.Release|Any CPU.ActiveCfg = Release|Any CPU
		{55978CB5-9099-2418-FFA4-37BEE71C1AC8}.Release|Any CPU.Build.0 = Release|Any CPU
	EndGlobalSection
	GlobalSection(SolutionProperties) = preSolution
		HideSolutionNode = FALSE
	EndGlobalSection
EndGlobal
